Microsoft Visual Studio Solution File, Format Version 12.00
# Visual Studio Version 17
VisualStudioVersion = 17.5.2.0
MinimumVisualStudioVersion = 10.0.40219.1
Project("{FAE04EC0-301F-11D3-BF4B-00C04F79EFBC}") = "csharpcopy", "csharpcopy.csproj", "{A1169E34-7158-6763-DF0F-0F923CD0D80E}"
EndProject
Global
	GlobalSection(SolutionConfigurationPlatforms) = preSolution
		Debug|Any CPU = Debug|Any CPU
		Release|Any CPU = Release|Any CPU
	EndGlobalSection
	GlobalSection(ProjectConfigurationPlatforms) = postSolution
		{A1169E34-7158-6763-DF0F-0F923CD0D80E}.Debug|Any CPU.ActiveCfg = Debug|Any CPU
		{A1169E34-7158-6763-DF0F-0F923CD0D80E}.Debug|Any CPU.Build.0 = Debug|Any CPU
		{A1169E34-7158-6763-DF0F-0F923CD0D80E}.Release|Any CPU.ActiveCfg = Release|Any CPU
		{A1169E34-7158-6763-DF0F-0F923CD0D80E}.Release|Any CPU.Build.0 = Release|Any CPU
	EndGlobalSection
	GlobalSection(SolutionProperties) = preSolution
		HideSolutionNode = FALSE
	EndGlobalSection
	GlobalSection(ExtensibilityGlobals) = postSolution
		SolutionGuid = {A7B2CF47-73AD-4CF9-846C-75934FC8640E}
	EndGlobalSection
EndGlobal
